lockfileVersion: '9.0'

settings:
  autoInstallPeers: true
  excludeLinksFromLockfile: false

importers:

  .:
    devDependencies:
      '@types/node':
        specifier: ^22.10.2
        version: 22.19.19
      typescript:
        specifier: ^5.7.2
        version: 5.9.3

  packages/cli:
    dependencies:
      '@dev-guard/core':
        specifier: 0.4.1
        version: 0.4.1
      chokidar:
        specifier: ^4.0.3
        version: 4.0.3

  packages/core: {}

packages:

  '@dev-guard/core@0.4.1':
    resolution: {integrity: sha512-AnDCFZl+olCPCkXxe76eajAFEoa79LtcAr1qb+LM5DIisSdUAuarLLZUCY2wVj8nspRnSwqCDfFQim1QDkN7rA==}

  '@types/node@22.19.19':
    resolution: {integrity: sha512-dyh/xO2Fh5bYrfWaaqGrRQQGkNdmYw6AmaAUvYeUMNTWQtvb796ikLdmTchRmOlOiIJ1TDXfWgVx1QkUlQ6Hew==}

  chokidar@4.0.3:
    resolution: {integrity: sha512-Qgzu8kfBvo+cA4962jnP1KkS6Dop5NS6g7R5LFYJr4b8Ub94PPQXUksCw9PvXoeXPRRddRNC5C1JQUR2SMGtnA==}
    engines: {node: '>= 14.16.0'}

  readdirp@4.1.2:
    resolution: {integrity: sha512-GDhwkLfywWL2s6vEjyhri+eXmfH6j1L7JE27WhqLeYzoh/A3DBaYGEj2H/HFZCn/kMfim73FXxEJTw06WtxQwg==}
    engines: {node: '>= 14.18.0'}

  typescript@5.9.3:
    resolution: {integrity: sha512-jl1vZzPDinLr9eUt3J/t7V6FgNEw9QjvBPdysz9KfQDD41fQrC2Y4vKQdiaUpFT4bXlb1RHhLpp8wtm6M5TgSw==}
    engines: {node: '>=14.17'}
    hasBin: true

  undici-types@6.21.0:
    resolution: {integrity: sha512-iwDZqg0QAGrg9Rav5H4n0M64c3mkR59cJ6wQp+7C4nI0gsmExaedaYLNO44eT4AtBBwjbTiGPMlt2Md0T9H9JQ==}

snapshots:

  '@dev-guard/core@0.4.1': {}

  '@types/node@22.19.19':
    dependencies:
      undici-types: 6.21.0

  chokidar@4.0.3:
    dependencies:
      readdirp: 4.1.2

  readdirp@4.1.2: {}

  typescript@5.9.3: {}

  undici-types@6.21.0: {}
